
Microsoft Visual Studio Solution File, Format Version 12.00
# Visual Studio Version 17
VisualStudioVersion = 17.7.34031.279
MinimumVisualStudioVersion = 10.0.40219.1
Project("{FAE04EC0-301F-11D3-BF4B-00C04F79EFBC}") = "CbaPetstoreApiTest", "CbaPetstoreApiTest.csproj", "{712D55AB-0455-47B2-A282-5E8FA2EF743B}"
EndProject
Global
	GlobalSection(SolutionConfigurationPlatforms) = preSolution
		Debug|Any CPU = Debug|Any CPU
		Release|Any CPU = Release|Any CPU
	EndGlobalSection
	GlobalSection(ProjectConfigurationPlatforms) = postSolution
		{712D55AB-0455-47B2-A282-5E8FA2EF743B}.Debug|Any CPU.ActiveCfg = Debug|Any CPU
		{712D55AB-0455-47B2-A282-5E8FA2EF743B}.Debug|Any CPU.Build.0 = Debug|Any CPU
		{712D55AB-0455-47B2-A282-5E8FA2EF743B}.Release|Any CPU.ActiveCfg = Release|Any CPU
		{712D55AB-0455-47B2-A282-5E8FA2EF743B}.Release|Any CPU.Build.0 = Release|Any CPU
	EndGlobalSection
	GlobalSection(SolutionProperties) = preSolution
		HideSolutionNode = FALSE
	EndGlobalSection
	GlobalSection(ExtensibilityGlobals) = postSolution
		SolutionGuid = {A89E9A96-03B1-4526-9DEC-5A4B95028949}
	EndGlobalSection
EndGlobal
